
Microsoft Visual Studio Solution File, Format Version 12.00
Project("{FAE04EC0-301F-11D3-BF4B-00C04F79EFBC}") = "XiaoHongShuMCP", "XiaoHongShuMCP\XiaoHongShuMCP.csproj", "{FA43AABE-7C59-476B-BBE8-365D50954BC8}"
EndProject
Project("{FAE04EC0-301F-11D3-BF4B-00C04F79EFBC}") = "XiaoHongShuMCP.Tests", "Tests\XiaoHongShuMCP.Tests.csproj", "{7D5E2E9B-6B1D-4C2E-9F73-2E6D01A8B9C4}"
EndProject
Project("{FAE04EC0-301F-11D3-BF4B-00C04F79EFBC}") = "HushOps.Core", "HushOps.Core\HushOps.Core.csproj", "{B4F4C2F1-25F4-4E9A-8B7C-7A3E4F2D9A10}"
EndProject
Global
	GlobalSection(SolutionConfigurationPlatforms) = preSolution
		Debug|Any CPU = Debug|Any CPU
		Release|Any CPU = Release|Any CPU
	EndGlobalSection
	GlobalSection(ProjectConfigurationPlatforms) = postSolution
		{FA43AABE-7C59-476B-BBE8-365D50954BC8}.Debug|Any CPU.ActiveCfg = Debug|Any CPU
		{FA43AABE-7C59-476B-BBE8-365D50954BC8}.Debug|Any CPU.Build.0 = Debug|Any CPU
		{FA43AABE-7C59-476B-BBE8-365D50954BC8}.Release|Any CPU.ActiveCfg = Release|Any CPU
		{FA43AABE-7C59-476B-BBE8-365D50954BC8}.Release|Any CPU.Build.0 = Release|Any CPU
		{7D5E2E9B-6B1D-4C2E-9F73-2E6D01A8B9C4}.Debug|Any CPU.ActiveCfg = Debug|Any CPU
		{7D5E2E9B-6B1D-4C2E-9F73-2E6D01A8B9C4}.Debug|Any CPU.Build.0 = Debug|Any CPU
		{7D5E2E9B-6B1D-4C2E-9F73-2E6D01A8B9C4}.Release|Any CPU.ActiveCfg = Release|Any CPU
		{7D5E2E9B-6B1D-4C2E-9F73-2E6D01A8B9C4}.Release|Any CPU.Build.0 = Release|Any CPU
		{B4F4C2F1-25F4-4E9A-8B7C-7A3E4F2D9A10}.Debug|Any CPU.ActiveCfg = Debug|Any CPU
		{B4F4C2F1-25F4-4E9A-8B7C-7A3E4F2D9A10}.Debug|Any CPU.Build.0 = Debug|Any CPU
		{B4F4C2F1-25F4-4E9A-8B7C-7A3E4F2D9A10}.Release|Any CPU.ActiveCfg = Release|Any CPU
		{B4F4C2F1-25F4-4E9A-8B7C-7A3E4F2D9A10}.Release|Any CPU.Build.0 = Release|Any CPU
	EndGlobalSection
EndGlobal
